
Microsoft Visual Studio Solution File, Format Version 12.00
# Visual Studio Version 16
VisualStudioVersion = 16.0.30225.117
MinimumVisualStudioVersion = 10.0.40219.1
Project("{2150E333-8FDC-42A3-9474-1A3956D46DE8}") = "1 - Web", "1 - Web", "{3AD30C2A-CE77-4C33-A930-AC7BF1895BF9}"
EndProject
Project("{2150E333-8FDC-42A3-9474-1A3956D46DE8}") = "2 - Application", "2 - Application", "{8D5DACA3-1F16-454B-94FF-7755B4393244}"
EndProject
Project("{2150E333-8FDC-42A3-9474-1A3956D46DE8}") = "3 - Infrastructure", "3 - Infrastructure", "{6BF68E7D-9F15-4711-BEC6-5D945914BDF0}"
EndProject
Project("{FAE04EC0-301F-11D3-BF4B-00C04F79EFBC}") = "Standard.TransactionSimulator.WebApi", "Standard.TransactionSimulator.WebApi\Standard.TransactionSimulator.WebApi.csproj", "{E1BF0775-5F91-459A-890C-38D95DDC6182}"
EndProject
Project("{FAE04EC0-301F-11D3-BF4B-00C04F79EFBC}") = "Standard.TransactionSimulator.Applicator", "Standard.TransactionSimulator.Applicator\Standard.TransactionSimulator.Applicator.csproj", "{1D473E32-CE53-4F66-BDF8-FD0D7F9ECD31}"
EndProject
Project("{FAE04EC0-301F-11D3-BF4B-00C04F79EFBC}") = "Standard.TransactionSimulator.Domain", "Standard.TransactionSimulator.Domain\Standard.TransactionSimulator.Domain.csproj", "{069B6046-0537-4F1E-A477-FA2286AA8085}"
EndProject
Project("{FAE04EC0-301F-11D3-BF4B-00C04F79EFBC}") = "Standard.TransactionSimulator.Infrastructure", "Standard.TransactionSimulator.Infrastructure\Standard.TransactionSimulator.Infrastructure.csproj", "{9889C183-2F4C-4502-9B6F-16A6E048E3C6}"
EndProject
Global
	GlobalSection(SolutionConfigurationPlatforms) = preSolution
		Debug|Any CPU = Debug|Any CPU
		Release|Any CPU = Release|Any CPU
	EndGlobalSection
	GlobalSection(ProjectConfigurationPlatforms) = postSolution
		{E1BF0775-5F91-459A-890C-38D95DDC6182}.Debug|Any CPU.ActiveCfg = Debug|Any CPU
		{E1BF0775-5F91-459A-890C-38D95DDC6182}.Debug|Any CPU.Build.0 = Debug|Any CPU
		{E1BF0775-5F91-459A-890C-38D95DDC6182}.Release|Any CPU.ActiveCfg = Release|Any CPU
		{E1BF0775-5F91-459A-890C-38D95DDC6182}.Release|Any CPU.Build.0 = Release|Any CPU
		{1D473E32-CE53-4F66-BDF8-FD0D7F9ECD31}.Debug|Any CPU.ActiveCfg = Debug|Any CPU
		{1D473E32-CE53-4F66-BDF8-FD0D7F9ECD31}.Debug|Any CPU.Build.0 = Debug|Any CPU
		{1D473E32-CE53-4F66-BDF8-FD0D7F9ECD31}.Release|Any CPU.ActiveCfg = Release|Any CPU
		{1D473E32-CE53-4F66-BDF8-FD0D7F9ECD31}.Release|Any CPU.Build.0 = Release|Any CPU
		{069B6046-0537-4F1E-A477-FA2286AA8085}.Debug|Any CPU.ActiveCfg = Debug|Any CPU
		{069B6046-0537-4F1E-A477-FA2286AA8085}.Debug|Any CPU.Build.0 = Debug|Any CPU
		{069B6046-0537-4F1E-A477-FA2286AA8085}.Release|Any CPU.ActiveCfg = Release|Any CPU
		{069B6046-0537-4F1E-A477-FA2286AA8085}.Release|Any CPU.Build.0 = Release|Any CPU
		{9889C183-2F4C-4502-9B6F-16A6E048E3C6}.Debug|Any CPU.ActiveCfg = Debug|Any CPU
		{9889C183-2F4C-4502-9B6F-16A6E048E3C6}.Debug|Any CPU.Build.0 = Debug|Any CPU
		{9889C183-2F4C-4502-9B6F-16A6E048E3C6}.Release|Any CPU.ActiveCfg = Release|Any CPU
		{9889C183-2F4C-4502-9B6F-16A6E048E3C6}.Release|Any CPU.Build.0 = Release|Any CPU
	EndGlobalSection
	GlobalSection(SolutionProperties) = preSolution
		HideSolutionNode = FALSE
	EndGlobalSection
	GlobalSection(NestedProjects) = preSolution
		{E1BF0775-5F91-459A-890C-38D95DDC6182} = {3AD30C2A-CE77-4C33-A930-AC7BF1895BF9}
		{1D473E32-CE53-4F66-BDF8-FD0D7F9ECD31} = {8D5DACA3-1F16-454B-94FF-7755B4393244}
		{069B6046-0537-4F1E-A477-FA2286AA8085} = {8D5DACA3-1F16-454B-94FF-7755B4393244}
		{9889C183-2F4C-4502-9B6F-16A6E048E3C6} = {6BF68E7D-9F15-4711-BEC6-5D945914BDF0}
	EndGlobalSection
	GlobalSection(ExtensibilityGlobals) = postSolution
		SolutionGuid = {86A40292-B7AC-4A0A-BFC9-FD2D29E05D08}
	EndGlobalSection
EndGlobal
