
Microsoft Visual Studio Solution File, Format Version 12.00
# Visual Studio Version 16
VisualStudioVersion = 16.0.30225.117
MinimumVisualStudioVersion = 10.0.40219.1
Project("{2150E333-8FDC-42A3-9474-1A3956D46DE8}") = "1 - Web", "1 - Web", "{3AD30C2A-CE77-4C33-A930-AC7BF1895BF9}"
EndProject
Project("{2150E333-8FDC-42A3-9474-1A3956D46DE8}") = "2 - Application", "2 - Application", "{8D5DACA3-1F16-454B-94FF-7755B4393244}"
EndProject
Project("{9A19103F-16F7-4668-BE54-9A1E7A4F7556}") = "Standard.TransactionSimulator.WebApi", "Standard.TransactionSimulator.WebApi\Standard.TransactionSimulator.WebApi.csproj", "{E1BF0775-5F91-459A-890C-38D95DDC6182}"
EndProject
Project("{9A19103F-16F7-4668-BE54-9A1E7A4F7556}") = "Standard.TransactionSimulator.Applicator", "Standard.TransactionSimulator.Applicator\Standard.TransactionSimulator.Applicator.csproj", "{1D473E32-CE53-4F66-BDF8-FD0D7F9ECD31}"
EndProject
Project("{E53339B2-1760-4266-BCC7-CA923CBCF16C}") = "docker-compose", "docker-compose.dcproj", "{FD53ADD0-85A1-4A3C-B81A-54D4284DAF9D}"
EndProject
Global
	GlobalSection(SolutionConfigurationPlatforms) = preSolution
		Debug|Any CPU = Debug|Any CPU
		Release|Any CPU = Release|Any CPU
	EndGlobalSection
	GlobalSection(ProjectConfigurationPlatforms) = postSolution
		{E1BF0775-5F91-459A-890C-38D95DDC6182}.Debug|Any CPU.ActiveCfg = Debug|Any CPU
		{E1BF0775-5F91-459A-890C-38D95DDC6182}.Debug|Any CPU.Build.0 = Debug|Any CPU
		{E1BF0775-5F91-459A-890C-38D95DDC6182}.Release|Any CPU.ActiveCfg = Release|Any CPU
		{E1BF0775-5F91-459A-890C-38D95DDC6182}.Release|Any CPU.Build.0 = Release|Any CPU
		{1D473E32-CE53-4F66-BDF8-FD0D7F9ECD31}.Debug|Any CPU.ActiveCfg = Debug|Any CPU
		{1D473E32-CE53-4F66-BDF8-FD0D7F9ECD31}.Debug|Any CPU.Build.0 = Debug|Any CPU
		{1D473E32-CE53-4F66-BDF8-FD0D7F9ECD31}.Release|Any CPU.ActiveCfg = Release|Any CPU
		{1D473E32-CE53-4F66-BDF8-FD0D7F9ECD31}.Release|Any CPU.Build.0 = Release|Any CPU
		{FD53ADD0-85A1-4A3C-B81A-54D4284DAF9D}.Debug|Any CPU.ActiveCfg = Debug|Any CPU
		{FD53ADD0-85A1-4A3C-B81A-54D4284DAF9D}.Debug|Any CPU.Build.0 = Debug|Any CPU
		{FD53ADD0-85A1-4A3C-B81A-54D4284DAF9D}.Release|Any CPU.ActiveCfg = Release|Any CPU
		{FD53ADD0-85A1-4A3C-B81A-54D4284DAF9D}.Release|Any CPU.Build.0 = Release|Any CPU
	EndGlobalSection
	GlobalSection(SolutionProperties) = preSolution
		HideSolutionNode = FALSE
	EndGlobalSection
	GlobalSection(NestedProjects) = preSolution
		{E1BF0775-5F91-459A-890C-38D95DDC6182} = {3AD30C2A-CE77-4C33-A930-AC7BF1895BF9}
		{1D473E32-CE53-4F66-BDF8-FD0D7F9ECD31} = {8D5DACA3-1F16-454B-94FF-7755B4393244}
	EndGlobalSection
	GlobalSection(ExtensibilityGlobals) = postSolution
		SolutionGuid = {86A40292-B7AC-4A0A-BFC9-FD2D29E05D08}
	EndGlobalSection
EndGlobal
